
Microsoft Visual Studio Solution File, Format Version 12.00
Project("{FAE04EC0-301F-11D3-BF4B-00C04F79EFBC}") = "GenericDelegateCollections.Task1", "GenericDelegateCollections.Task1\GenericDelegateCollections.Task1.csproj", "{6D8E14B6-F561-4367-92BB-76A9E8AEFE4D}"
EndProject
Project("{FAE04EC0-301F-11D3-BF4B-00C04F79EFBC}") = "Utils", "Utils\Utils.csproj", "{57B6B10D-5F27-4FFF-9ADC-A39A58068B13}"
EndProject
Global
	GlobalSection(SolutionConfigurationPlatforms) = preSolution
		Debug|Any CPU = Debug|Any CPU
		Release|Any CPU = Release|Any CPU
	EndGlobalSection
	GlobalSection(ProjectConfigurationPlatforms) = postSolution
		{6D8E14B6-F561-4367-92BB-76A9E8AEFE4D}.Debug|Any CPU.ActiveCfg = Debug|Any CPU
		{6D8E14B6-F561-4367-92BB-76A9E8AEFE4D}.Debug|Any CPU.Build.0 = Debug|Any CPU
		{6D8E14B6-F561-4367-92BB-76A9E8AEFE4D}.Release|Any CPU.ActiveCfg = Release|Any CPU
		{6D8E14B6-F561-4367-92BB-76A9E8AEFE4D}.Release|Any CPU.Build.0 = Release|Any CPU
		{57B6B10D-5F27-4FFF-9ADC-A39A58068B13}.Debug|Any CPU.ActiveCfg = Debug|Any CPU
		{57B6B10D-5F27-4FFF-9ADC-A39A58068B13}.Debug|Any CPU.Build.0 = Debug|Any CPU
		{57B6B10D-5F27-4FFF-9ADC-A39A58068B13}.Release|Any CPU.ActiveCfg = Release|Any CPU
		{57B6B10D-5F27-4FFF-9ADC-A39A58068B13}.Release|Any CPU.Build.0 = Release|Any CPU
	EndGlobalSection
EndGlobal
